
Microsoft Visual Studio Solution File, Format Version 12.00
# Visual Studio Version 17
VisualStudioVersion = 17.8.34309.116
MinimumVisualStudioVersion = 10.0.40219.1
Project("{2150E333-8FDC-42A3-9474-1A3956D46DE8}") = "UserService", "UserService", "{2C52FE6B-709F-4735-99EB-AFD62E3596B2}"
EndProject
Project("{2150E333-8FDC-42A3-9474-1A3956D46DE8}") = "Core", "Core", "{7A65AD01-B44F-4866-B432-FDB8623150AC}"
EndProject
Project("{FAE04EC0-301F-11D3-BF4B-00C04F79EFBC}") = "Domain", "Domain\Domain.csproj", "{4E78E6B0-C2E7-465C-8B3E-CBA5B81A7105}"
EndProject
Project("{FAE04EC0-301F-11D3-BF4B-00C04F79EFBC}") = "Application", "Application\Application.csproj", "{627CF6BB-ED47-4518-BD9C-0F4D3F17409F}"
EndProject
Project("{2150E333-8FDC-42A3-9474-1A3956D46DE8}") = "External", "External", "{13C2EC26-694B-48C7-9625-01B58A4E9ABB}"
EndProject
Project("{FAE04EC0-301F-11D3-BF4B-00C04F79EFBC}") = "Infrastructure", "Infrastructure\Infrastructure.csproj", "{BDF51AE4-4847-4EF5-B03D-E21A4AFF9D24}"
EndProject
Project("{FAE04EC0-301F-11D3-BF4B-00C04F79EFBC}") = "Persistence", "Persistence\Persistence.csproj", "{68A440F3-9E93-4CAE-8BDB-5CB3869522BB}"
EndProject
Project("{FAE04EC0-301F-11D3-BF4B-00C04F79EFBC}") = "Presentation", "Presentation\Presentation.csproj", "{9C340109-38D6-492C-A359-75B8D29A460E}"
EndProject
Project("{FAE04EC0-301F-11D3-BF4B-00C04F79EFBC}") = "CascadeAPI", "CascadeAPI\CascadeAPI.csproj", "{C378960C-BE48-44DE-AC7C-F86058183203}"
EndProject
Global
	GlobalSection(SolutionConfigurationPlatforms) = preSolution
		Debug|Any CPU = Debug|Any CPU
		Release|Any CPU = Release|Any CPU
	EndGlobalSection
	GlobalSection(ProjectConfigurationPlatforms) = postSolution
		{4E78E6B0-C2E7-465C-8B3E-CBA5B81A7105}.Debug|Any CPU.ActiveCfg = Debug|Any CPU
		{4E78E6B0-C2E7-465C-8B3E-CBA5B81A7105}.Debug|Any CPU.Build.0 = Debug|Any CPU
		{4E78E6B0-C2E7-465C-8B3E-CBA5B81A7105}.Release|Any CPU.ActiveCfg = Release|Any CPU
		{4E78E6B0-C2E7-465C-8B3E-CBA5B81A7105}.Release|Any CPU.Build.0 = Release|Any CPU
		{627CF6BB-ED47-4518-BD9C-0F4D3F17409F}.Debug|Any CPU.ActiveCfg = Debug|Any CPU
		{627CF6BB-ED47-4518-BD9C-0F4D3F17409F}.Debug|Any CPU.Build.0 = Debug|Any CPU
		{627CF6BB-ED47-4518-BD9C-0F4D3F17409F}.Release|Any CPU.ActiveCfg = Release|Any CPU
		{627CF6BB-ED47-4518-BD9C-0F4D3F17409F}.Release|Any CPU.Build.0 = Release|Any CPU
		{BDF51AE4-4847-4EF5-B03D-E21A4AFF9D24}.Debug|Any CPU.ActiveCfg = Debug|Any CPU
		{BDF51AE4-4847-4EF5-B03D-E21A4AFF9D24}.Debug|Any CPU.Build.0 = Debug|Any CPU
		{BDF51AE4-4847-4EF5-B03D-E21A4AFF9D24}.Release|Any CPU.ActiveCfg = Release|Any CPU
		{BDF51AE4-4847-4EF5-B03D-E21A4AFF9D24}.Release|Any CPU.Build.0 = Release|Any CPU
		{68A440F3-9E93-4CAE-8BDB-5CB3869522BB}.Debug|Any CPU.ActiveCfg = Debug|Any CPU
		{68A440F3-9E93-4CAE-8BDB-5CB3869522BB}.Debug|Any CPU.Build.0 = Debug|Any CPU
		{68A440F3-9E93-4CAE-8BDB-5CB3869522BB}.Release|Any CPU.ActiveCfg = Release|Any CPU
		{68A440F3-9E93-4CAE-8BDB-5CB3869522BB}.Release|Any CPU.Build.0 = Release|Any CPU
		{9C340109-38D6-492C-A359-75B8D29A460E}.Debug|Any CPU.ActiveCfg = Debug|Any CPU
		{9C340109-38D6-492C-A359-75B8D29A460E}.Debug|Any CPU.Build.0 = Debug|Any CPU
		{9C340109-38D6-492C-A359-75B8D29A460E}.Release|Any CPU.ActiveCfg = Release|Any CPU
		{9C340109-38D6-492C-A359-75B8D29A460E}.Release|Any CPU.Build.0 = Release|Any CPU
		{C378960C-BE48-44DE-AC7C-F86058183203}.Debug|Any CPU.ActiveCfg = Debug|Any CPU
		{C378960C-BE48-44DE-AC7C-F86058183203}.Debug|Any CPU.Build.0 = Debug|Any CPU
		{C378960C-BE48-44DE-AC7C-F86058183203}.Release|Any CPU.ActiveCfg = Release|Any CPU
		{C378960C-BE48-44DE-AC7C-F86058183203}.Release|Any CPU.Build.0 = Release|Any CPU
	EndGlobalSection
	GlobalSection(SolutionProperties) = preSolution
		HideSolutionNode = FALSE
	EndGlobalSection
	GlobalSection(NestedProjects) = preSolution
		{7A65AD01-B44F-4866-B432-FDB8623150AC} = {2C52FE6B-709F-4735-99EB-AFD62E3596B2}
		{4E78E6B0-C2E7-465C-8B3E-CBA5B81A7105} = {7A65AD01-B44F-4866-B432-FDB8623150AC}
		{627CF6BB-ED47-4518-BD9C-0F4D3F17409F} = {7A65AD01-B44F-4866-B432-FDB8623150AC}
		{13C2EC26-694B-48C7-9625-01B58A4E9ABB} = {2C52FE6B-709F-4735-99EB-AFD62E3596B2}
		{BDF51AE4-4847-4EF5-B03D-E21A4AFF9D24} = {13C2EC26-694B-48C7-9625-01B58A4E9ABB}
		{68A440F3-9E93-4CAE-8BDB-5CB3869522BB} = {13C2EC26-694B-48C7-9625-01B58A4E9ABB}
		{9C340109-38D6-492C-A359-75B8D29A460E} = {13C2EC26-694B-48C7-9625-01B58A4E9ABB}
		{C378960C-BE48-44DE-AC7C-F86058183203} = {2C52FE6B-709F-4735-99EB-AFD62E3596B2}
	EndGlobalSection
	GlobalSection(ExtensibilityGlobals) = postSolution
		SolutionGuid = {99A43EBE-E193-479B-8D93-CA7D9988BA9D}
	EndGlobalSection
EndGlobal
