
Microsoft Visual Studio Solution File, Format Version 12.00
# Visual Studio Version 17
VisualStudioVersion = 17.8.34309.116
MinimumVisualStudioVersion = 10.0.40219.1
Project("{2150E333-8FDC-42A3-9474-1A3956D46DE8}") = "UserService", "UserService", "{2C52FE6B-709F-4735-99EB-AFD62E3596B2}"
EndProject
Project("{2150E333-8FDC-42A3-9474-1A3956D46DE8}") = "Core", "Core", "{7A65AD01-B44F-4866-B432-FDB8623150AC}"
EndProject
Project("{2150E333-8FDC-42A3-9474-1A3956D46DE8}") = "External", "External", "{13C2EC26-694B-48C7-9625-01B58A4E9ABB}"
EndProject
Project("{9A19103F-16F7-4668-BE54-9A1E7A4F7556}") = "Domain", "UserService\Core\Domain\Domain.csproj", "{2BD0B5B3-AF58-419C-8DF3-639A89ED9511}"
EndProject
Project("{9A19103F-16F7-4668-BE54-9A1E7A4F7556}") = "Application", "UserService\Core\Application\Application.csproj", "{146DE352-AC6E-4A22-A1D3-EB6E407A32DB}"
EndProject
Project("{9A19103F-16F7-4668-BE54-9A1E7A4F7556}") = "Infrastructure", "UserService\External\Infrastructure\Infrastructure.csproj", "{0C66F64E-4848-4389-B582-6AE73ED48E84}"
EndProject
Project("{9A19103F-16F7-4668-BE54-9A1E7A4F7556}") = "Persistence", "UserService\External\Persistence\Persistence.csproj", "{50CFE029-6D26-4BD3-B531-94A46289F164}"
EndProject
Project("{9A19103F-16F7-4668-BE54-9A1E7A4F7556}") = "Presentation", "UserService\External\Presentation\Presentation.csproj", "{9FCE751D-D54F-4A7E-A38D-B53DD9BD419E}"
EndProject
Project("{9A19103F-16F7-4668-BE54-9A1E7A4F7556}") = "CascadeAPI", "UserService\CascadeAPI\CascadeAPI.csproj", "{432E6220-0DF9-4023-8E75-5C1959A2C6C9}"
EndProject
Global
	GlobalSection(SolutionConfigurationPlatforms) = preSolution
		Debug|Any CPU = Debug|Any CPU
		Release|Any CPU = Release|Any CPU
	EndGlobalSection
	GlobalSection(ProjectConfigurationPlatforms) = postSolution
		{2BD0B5B3-AF58-419C-8DF3-639A89ED9511}.Debug|Any CPU.ActiveCfg = Debug|Any CPU
		{2BD0B5B3-AF58-419C-8DF3-639A89ED9511}.Debug|Any CPU.Build.0 = Debug|Any CPU
		{2BD0B5B3-AF58-419C-8DF3-639A89ED9511}.Release|Any CPU.ActiveCfg = Release|Any CPU
		{2BD0B5B3-AF58-419C-8DF3-639A89ED9511}.Release|Any CPU.Build.0 = Release|Any CPU
		{146DE352-AC6E-4A22-A1D3-EB6E407A32DB}.Debug|Any CPU.ActiveCfg = Debug|Any CPU
		{146DE352-AC6E-4A22-A1D3-EB6E407A32DB}.Debug|Any CPU.Build.0 = Debug|Any CPU
		{146DE352-AC6E-4A22-A1D3-EB6E407A32DB}.Release|Any CPU.ActiveCfg = Release|Any CPU
		{146DE352-AC6E-4A22-A1D3-EB6E407A32DB}.Release|Any CPU.Build.0 = Release|Any CPU
		{0C66F64E-4848-4389-B582-6AE73ED48E84}.Debug|Any CPU.ActiveCfg = Debug|Any CPU
		{0C66F64E-4848-4389-B582-6AE73ED48E84}.Debug|Any CPU.Build.0 = Debug|Any CPU
		{0C66F64E-4848-4389-B582-6AE73ED48E84}.Release|Any CPU.ActiveCfg = Release|Any CPU
		{0C66F64E-4848-4389-B582-6AE73ED48E84}.Release|Any CPU.Build.0 = Release|Any CPU
		{50CFE029-6D26-4BD3-B531-94A46289F164}.Debug|Any CPU.ActiveCfg = Debug|Any CPU
		{50CFE029-6D26-4BD3-B531-94A46289F164}.Debug|Any CPU.Build.0 = Debug|Any CPU
		{50CFE029-6D26-4BD3-B531-94A46289F164}.Release|Any CPU.ActiveCfg = Release|Any CPU
		{50CFE029-6D26-4BD3-B531-94A46289F164}.Release|Any CPU.Build.0 = Release|Any CPU
		{9FCE751D-D54F-4A7E-A38D-B53DD9BD419E}.Debug|Any CPU.ActiveCfg = Debug|Any CPU
		{9FCE751D-D54F-4A7E-A38D-B53DD9BD419E}.Debug|Any CPU.Build.0 = Debug|Any CPU
		{9FCE751D-D54F-4A7E-A38D-B53DD9BD419E}.Release|Any CPU.ActiveCfg = Release|Any CPU
		{9FCE751D-D54F-4A7E-A38D-B53DD9BD419E}.Release|Any CPU.Build.0 = Release|Any CPU
		{432E6220-0DF9-4023-8E75-5C1959A2C6C9}.Debug|Any CPU.ActiveCfg = Debug|Any CPU
		{432E6220-0DF9-4023-8E75-5C1959A2C6C9}.Debug|Any CPU.Build.0 = Debug|Any CPU
		{432E6220-0DF9-4023-8E75-5C1959A2C6C9}.Release|Any CPU.ActiveCfg = Release|Any CPU
		{432E6220-0DF9-4023-8E75-5C1959A2C6C9}.Release|Any CPU.Build.0 = Release|Any CPU
	EndGlobalSection
	GlobalSection(SolutionProperties) = preSolution
		HideSolutionNode = FALSE
	EndGlobalSection
	GlobalSection(NestedProjects) = preSolution
		{7A65AD01-B44F-4866-B432-FDB8623150AC} = {2C52FE6B-709F-4735-99EB-AFD62E3596B2}
		{13C2EC26-694B-48C7-9625-01B58A4E9ABB} = {2C52FE6B-709F-4735-99EB-AFD62E3596B2}
		{2BD0B5B3-AF58-419C-8DF3-639A89ED9511} = {7A65AD01-B44F-4866-B432-FDB8623150AC}
		{146DE352-AC6E-4A22-A1D3-EB6E407A32DB} = {7A65AD01-B44F-4866-B432-FDB8623150AC}
		{0C66F64E-4848-4389-B582-6AE73ED48E84} = {13C2EC26-694B-48C7-9625-01B58A4E9ABB}
		{50CFE029-6D26-4BD3-B531-94A46289F164} = {13C2EC26-694B-48C7-9625-01B58A4E9ABB}
		{9FCE751D-D54F-4A7E-A38D-B53DD9BD419E} = {13C2EC26-694B-48C7-9625-01B58A4E9ABB}
		{432E6220-0DF9-4023-8E75-5C1959A2C6C9} = {2C52FE6B-709F-4735-99EB-AFD62E3596B2}
	EndGlobalSection
	GlobalSection(ExtensibilityGlobals) = postSolution
		SolutionGuid = {99A43EBE-E193-479B-8D93-CA7D9988BA9D}
	EndGlobalSection
EndGlobal
