
Microsoft Visual Studio Solution File, Format Version 12.00
# Visual Studio Version 17
VisualStudioVersion = 17.8.34309.116
MinimumVisualStudioVersion = 10.0.40219.1
Project("{2150E333-8FDC-42A3-9474-1A3956D46DE8}") = "UserModule", "UserModule", "{2C52FE6B-709F-4735-99EB-AFD62E3596B2}"
EndProject
Project("{2150E333-8FDC-42A3-9474-1A3956D46DE8}") = "Core", "Core", "{7A65AD01-B44F-4866-B432-FDB8623150AC}"
EndProject
Project("{2150E333-8FDC-42A3-9474-1A3956D46DE8}") = "External", "External", "{13C2EC26-694B-48C7-9625-01B58A4E9ABB}"
EndProject
Project("{9A19103F-16F7-4668-BE54-9A1E7A4F7556}") = "CascadeAPI", "CascadeAPI\CascadeAPI.csproj", "{696E713F-6CCD-4192-A0E4-88E6A439F49F}"
EndProject
Project("{9A19103F-16F7-4668-BE54-9A1E7A4F7556}") = "Users.Application", "UserModule\Core\Application\Users.Application.csproj", "{16C26213-D2C5-4A15-A78B-7C09D3A40861}"
EndProject
Project("{9A19103F-16F7-4668-BE54-9A1E7A4F7556}") = "Users.Domain", "UserModule\Core\Domain\Users.Domain.csproj", "{19FA5E14-D834-438B-82E9-D26DFBDA37CB}"
EndProject
Project("{9A19103F-16F7-4668-BE54-9A1E7A4F7556}") = "Users.Infrastructure", "UserModule\External\Infrastructure\Users.Infrastructure.csproj", "{75F88F31-2895-4FD7-97B9-11A8C6586134}"
EndProject
Project("{9A19103F-16F7-4668-BE54-9A1E7A4F7556}") = "Users.Persistence", "UserModule\External\Persistence\Users.Persistence.csproj", "{39184188-402C-4D5D-972C-10B42CDEB711}"
EndProject
Project("{9A19103F-16F7-4668-BE54-9A1E7A4F7556}") = "Users.Presentation", "UserModule\External\Presentation\Users.Presentation.csproj", "{6058AFB0-A9E1-45B7-9698-620DD474246A}"
EndProject
Project("{9A19103F-16F7-4668-BE54-9A1E7A4F7556}") = "Users.IntegrationEvents", "UserModule\External\IntegrationEvents\Users.IntegrationEvents.csproj", "{4AB07486-ADD0-42B2-8634-8EA4FEE2ED55}"
EndProject
Project("{2150E333-8FDC-42A3-9474-1A3956D46DE8}") = "MusicModule", "MusicModule", "{5489E53F-51FD-4191-8025-8374AA83C1C5}"
EndProject
Project("{2150E333-8FDC-42A3-9474-1A3956D46DE8}") = "Core", "Core", "{3D8C9D9D-BF39-47F9-B79F-060521CF85FD}"
EndProject
Project("{2150E333-8FDC-42A3-9474-1A3956D46DE8}") = "External", "External", "{4997E16C-FE06-432D-A016-54E364F99931}"
EndProject
Project("{9A19103F-16F7-4668-BE54-9A1E7A4F7556}") = "Music.Domain", "MusicModule\Core\Music.Domain\Music.Domain.csproj", "{C0224217-55C7-4312-B7B2-113454D96EB4}"
EndProject
Project("{9A19103F-16F7-4668-BE54-9A1E7A4F7556}") = "Music.Application", "MusicModule\Core\Music.Application\Music.Application.csproj", "{8016342F-37E3-4E0C-8306-5813EC75DB47}"
EndProject
Project("{9A19103F-16F7-4668-BE54-9A1E7A4F7556}") = "Music.IntegrationEvents", "MusicModule\External\Music.IntegrationEvents\Music.IntegrationEvents.csproj", "{037C4551-EC72-4948-B8C1-9C09076B921E}"
EndProject
Project("{9A19103F-16F7-4668-BE54-9A1E7A4F7556}") = "Music.Infrastructure", "MusicModule\External\Music.Infrastructure\Music.Infrastructure.csproj", "{757E4326-D4CC-41D3-8FEC-4FBAC964D6A3}"
EndProject
Project("{9A19103F-16F7-4668-BE54-9A1E7A4F7556}") = "Music.Persistence", "MusicModule\External\Music.Persistence\Music.Persistence.csproj", "{F68617E8-F8CF-4F5C-AA00-55985BB850A5}"
EndProject
Project("{9A19103F-16F7-4668-BE54-9A1E7A4F7556}") = "Music.Presentation", "MusicModule\External\Music.Presentation\Music.Presentation.csproj", "{43F28479-2351-4F85-9804-E901794F72BE}"
EndProject
Project("{2150E333-8FDC-42A3-9474-1A3956D46DE8}") = "Shared", "Shared", "{FE694DBE-95AE-4E75-B83B-C49E12CBEB46}"
EndProject
Project("{9A19103F-16F7-4668-BE54-9A1E7A4F7556}") = "Persistence.Shared", "Shared\Persistence.Shared\Persistence.Shared.csproj", "{165499E8-B8D9-4984-BA70-63728A1BFCC0}"
EndProject
Project("{9A19103F-16F7-4668-BE54-9A1E7A4F7556}") = "Presentation.Shared", "Shared\Presentation.Shared\Presentation.Shared.csproj", "{FB5969EE-3997-4401-8547-97E76D2D66A3}"
EndProject
Project("{9A19103F-16F7-4668-BE54-9A1E7A4F7556}") = "Infrastructure.Shared", "Shared\Infrastructure.Shared\Infrastructure.Shared.csproj", "{2DA19B37-42C4-4195-9A14-2A037AAB00C9}"
EndProject
Project("{9A19103F-16F7-4668-BE54-9A1E7A4F7556}") = "Domain.Shared", "Shared\Domain.Shared\Domain.Shared.csproj", "{E93AE905-106F-47F7-B231-83014FA3770B}"
EndProject
Project("{9A19103F-16F7-4668-BE54-9A1E7A4F7556}") = "Application.Shared", "Shared\Application.Shared\Application.Shared.csproj", "{B2CA808C-E336-4E9E-8EC1-17B9163F31D3}"
EndProject
Project("{2150E333-8FDC-42A3-9474-1A3956D46DE8}") = "StreamingModule", "StreamingModule", "{48F64A2C-976F-411D-BF75-1C2104960ED0}"
EndProject
Project("{9A19103F-16F7-4668-BE54-9A1E7A4F7556}") = "Streaming.Application", "StreamingService\Streaming.Application\Streaming.Application.csproj", "{42521D52-02D5-4917-81A6-A0E62E521B4F}"
EndProject
Project("{9A19103F-16F7-4668-BE54-9A1E7A4F7556}") = "Streaming.Infrastructure", "StreamingService\Streaming.Infrastructure\Streaming.Infrastructure.csproj", "{0BEB06BC-9725-48D7-8D63-D8EA7275A7E3}"
EndProject
Project("{9A19103F-16F7-4668-BE54-9A1E7A4F7556}") = "Streaming.Presentation", "StreamingService\Streaming.Presentation\Streaming.Presentation.csproj", "{E5849F35-DC98-4652-A60D-D756172BE1C1}"
EndProject
Project("{9A19103F-16F7-4668-BE54-9A1E7A4F7556}") = "PtpDiscovery", "PtpDiscovery\PtpDiscovery.csproj", "{FE952065-9D3F-4BC5-B57D-4DCBCA88D582}"
EndProject
Project("{2150E333-8FDC-42A3-9474-1A3956D46DE8}") = "Tests", "Tests", "{EDCB9168-7007-4744-8DC8-70783B0E097D}"
EndProject
Project("{9A19103F-16F7-4668-BE54-9A1E7A4F7556}") = "Cascade.Tests", "Cascade.Tests\Cascade.Tests.csproj", "{6EC010E7-C8B6-41DE-A321-0718D8493558}"
EndProject
Global
	GlobalSection(SolutionConfigurationPlatforms) = preSolution
		Debug|Any CPU = Debug|Any CPU
		Release|Any CPU = Release|Any CPU
	EndGlobalSection
	GlobalSection(ProjectConfigurationPlatforms) = postSolution
		{696E713F-6CCD-4192-A0E4-88E6A439F49F}.Debug|Any CPU.ActiveCfg = Debug|Any CPU
		{696E713F-6CCD-4192-A0E4-88E6A439F49F}.Debug|Any CPU.Build.0 = Debug|Any CPU
		{696E713F-6CCD-4192-A0E4-88E6A439F49F}.Release|Any CPU.ActiveCfg = Release|Any CPU
		{696E713F-6CCD-4192-A0E4-88E6A439F49F}.Release|Any CPU.Build.0 = Release|Any CPU
		{16C26213-D2C5-4A15-A78B-7C09D3A40861}.Debug|Any CPU.ActiveCfg = Debug|Any CPU
		{16C26213-D2C5-4A15-A78B-7C09D3A40861}.Debug|Any CPU.Build.0 = Debug|Any CPU
		{16C26213-D2C5-4A15-A78B-7C09D3A40861}.Release|Any CPU.ActiveCfg = Release|Any CPU
		{16C26213-D2C5-4A15-A78B-7C09D3A40861}.Release|Any CPU.Build.0 = Release|Any CPU
		{19FA5E14-D834-438B-82E9-D26DFBDA37CB}.Debug|Any CPU.ActiveCfg = Debug|Any CPU
		{19FA5E14-D834-438B-82E9-D26DFBDA37CB}.Debug|Any CPU.Build.0 = Debug|Any CPU
		{19FA5E14-D834-438B-82E9-D26DFBDA37CB}.Release|Any CPU.ActiveCfg = Release|Any CPU
		{19FA5E14-D834-438B-82E9-D26DFBDA37CB}.Release|Any CPU.Build.0 = Release|Any CPU
		{75F88F31-2895-4FD7-97B9-11A8C6586134}.Debug|Any CPU.ActiveCfg = Debug|Any CPU
		{75F88F31-2895-4FD7-97B9-11A8C6586134}.Debug|Any CPU.Build.0 = Debug|Any CPU
		{75F88F31-2895-4FD7-97B9-11A8C6586134}.Release|Any CPU.ActiveCfg = Release|Any CPU
		{75F88F31-2895-4FD7-97B9-11A8C6586134}.Release|Any CPU.Build.0 = Release|Any CPU
		{39184188-402C-4D5D-972C-10B42CDEB711}.Debug|Any CPU.ActiveCfg = Debug|Any CPU
		{39184188-402C-4D5D-972C-10B42CDEB711}.Debug|Any CPU.Build.0 = Debug|Any CPU
		{39184188-402C-4D5D-972C-10B42CDEB711}.Release|Any CPU.ActiveCfg = Release|Any CPU
		{39184188-402C-4D5D-972C-10B42CDEB711}.Release|Any CPU.Build.0 = Release|Any CPU
		{6058AFB0-A9E1-45B7-9698-620DD474246A}.Debug|Any CPU.ActiveCfg = Debug|Any CPU
		{6058AFB0-A9E1-45B7-9698-620DD474246A}.Debug|Any CPU.Build.0 = Debug|Any CPU
		{6058AFB0-A9E1-45B7-9698-620DD474246A}.Release|Any CPU.ActiveCfg = Release|Any CPU
		{6058AFB0-A9E1-45B7-9698-620DD474246A}.Release|Any CPU.Build.0 = Release|Any CPU
		{4AB07486-ADD0-42B2-8634-8EA4FEE2ED55}.Debug|Any CPU.ActiveCfg = Debug|Any CPU
		{4AB07486-ADD0-42B2-8634-8EA4FEE2ED55}.Debug|Any CPU.Build.0 = Debug|Any CPU
		{4AB07486-ADD0-42B2-8634-8EA4FEE2ED55}.Release|Any CPU.ActiveCfg = Release|Any CPU
		{4AB07486-ADD0-42B2-8634-8EA4FEE2ED55}.Release|Any CPU.Build.0 = Release|Any CPU
		{C0224217-55C7-4312-B7B2-113454D96EB4}.Debug|Any CPU.ActiveCfg = Debug|Any CPU
		{C0224217-55C7-4312-B7B2-113454D96EB4}.Debug|Any CPU.Build.0 = Debug|Any CPU
		{C0224217-55C7-4312-B7B2-113454D96EB4}.Release|Any CPU.ActiveCfg = Release|Any CPU
		{C0224217-55C7-4312-B7B2-113454D96EB4}.Release|Any CPU.Build.0 = Release|Any CPU
		{8016342F-37E3-4E0C-8306-5813EC75DB47}.Debug|Any CPU.ActiveCfg = Debug|Any CPU
		{8016342F-37E3-4E0C-8306-5813EC75DB47}.Debug|Any CPU.Build.0 = Debug|Any CPU
		{8016342F-37E3-4E0C-8306-5813EC75DB47}.Release|Any CPU.ActiveCfg = Release|Any CPU
		{8016342F-37E3-4E0C-8306-5813EC75DB47}.Release|Any CPU.Build.0 = Release|Any CPU
		{037C4551-EC72-4948-B8C1-9C09076B921E}.Debug|Any CPU.ActiveCfg = Debug|Any CPU
		{037C4551-EC72-4948-B8C1-9C09076B921E}.Debug|Any CPU.Build.0 = Debug|Any CPU
		{037C4551-EC72-4948-B8C1-9C09076B921E}.Release|Any CPU.ActiveCfg = Release|Any CPU
		{037C4551-EC72-4948-B8C1-9C09076B921E}.Release|Any CPU.Build.0 = Release|Any CPU
		{757E4326-D4CC-41D3-8FEC-4FBAC964D6A3}.Debug|Any CPU.ActiveCfg = Debug|Any CPU
		{757E4326-D4CC-41D3-8FEC-4FBAC964D6A3}.Debug|Any CPU.Build.0 = Debug|Any CPU
		{757E4326-D4CC-41D3-8FEC-4FBAC964D6A3}.Release|Any CPU.ActiveCfg = Release|Any CPU
		{757E4326-D4CC-41D3-8FEC-4FBAC964D6A3}.Release|Any CPU.Build.0 = Release|Any CPU
		{F68617E8-F8CF-4F5C-AA00-55985BB850A5}.Debug|Any CPU.ActiveCfg = Debug|Any CPU
		{F68617E8-F8CF-4F5C-AA00-55985BB850A5}.Debug|Any CPU.Build.0 = Debug|Any CPU
		{F68617E8-F8CF-4F5C-AA00-55985BB850A5}.Release|Any CPU.ActiveCfg = Release|Any CPU
		{F68617E8-F8CF-4F5C-AA00-55985BB850A5}.Release|Any CPU.Build.0 = Release|Any CPU
		{43F28479-2351-4F85-9804-E901794F72BE}.Debug|Any CPU.ActiveCfg = Debug|Any CPU
		{43F28479-2351-4F85-9804-E901794F72BE}.Debug|Any CPU.Build.0 = Debug|Any CPU
		{43F28479-2351-4F85-9804-E901794F72BE}.Release|Any CPU.ActiveCfg = Release|Any CPU
		{43F28479-2351-4F85-9804-E901794F72BE}.Release|Any CPU.Build.0 = Release|Any CPU
		{165499E8-B8D9-4984-BA70-63728A1BFCC0}.Debug|Any CPU.ActiveCfg = Debug|Any CPU
		{165499E8-B8D9-4984-BA70-63728A1BFCC0}.Debug|Any CPU.Build.0 = Debug|Any CPU
		{165499E8-B8D9-4984-BA70-63728A1BFCC0}.Release|Any CPU.ActiveCfg = Release|Any CPU
		{165499E8-B8D9-4984-BA70-63728A1BFCC0}.Release|Any CPU.Build.0 = Release|Any CPU
		{FB5969EE-3997-4401-8547-97E76D2D66A3}.Debug|Any CPU.ActiveCfg = Debug|Any CPU
		{FB5969EE-3997-4401-8547-97E76D2D66A3}.Debug|Any CPU.Build.0 = Debug|Any CPU
		{FB5969EE-3997-4401-8547-97E76D2D66A3}.Release|Any CPU.ActiveCfg = Release|Any CPU
		{FB5969EE-3997-4401-8547-97E76D2D66A3}.Release|Any CPU.Build.0 = Release|Any CPU
		{2DA19B37-42C4-4195-9A14-2A037AAB00C9}.Debug|Any CPU.ActiveCfg = Debug|Any CPU
		{2DA19B37-42C4-4195-9A14-2A037AAB00C9}.Debug|Any CPU.Build.0 = Debug|Any CPU
		{2DA19B37-42C4-4195-9A14-2A037AAB00C9}.Release|Any CPU.ActiveCfg = Release|Any CPU
		{2DA19B37-42C4-4195-9A14-2A037AAB00C9}.Release|Any CPU.Build.0 = Release|Any CPU
		{E93AE905-106F-47F7-B231-83014FA3770B}.Debug|Any CPU.ActiveCfg = Debug|Any CPU
		{E93AE905-106F-47F7-B231-83014FA3770B}.Debug|Any CPU.Build.0 = Debug|Any CPU
		{E93AE905-106F-47F7-B231-83014FA3770B}.Release|Any CPU.ActiveCfg = Release|Any CPU
		{E93AE905-106F-47F7-B231-83014FA3770B}.Release|Any CPU.Build.0 = Release|Any CPU
		{B2CA808C-E336-4E9E-8EC1-17B9163F31D3}.Debug|Any CPU.ActiveCfg = Debug|Any CPU
		{B2CA808C-E336-4E9E-8EC1-17B9163F31D3}.Debug|Any CPU.Build.0 = Debug|Any CPU
		{B2CA808C-E336-4E9E-8EC1-17B9163F31D3}.Release|Any CPU.ActiveCfg = Release|Any CPU
		{B2CA808C-E336-4E9E-8EC1-17B9163F31D3}.Release|Any CPU.Build.0 = Release|Any CPU
		{42521D52-02D5-4917-81A6-A0E62E521B4F}.Debug|Any CPU.ActiveCfg = Debug|Any CPU
		{42521D52-02D5-4917-81A6-A0E62E521B4F}.Debug|Any CPU.Build.0 = Debug|Any CPU
		{42521D52-02D5-4917-81A6-A0E62E521B4F}.Release|Any CPU.ActiveCfg = Release|Any CPU
		{42521D52-02D5-4917-81A6-A0E62E521B4F}.Release|Any CPU.Build.0 = Release|Any CPU
		{0BEB06BC-9725-48D7-8D63-D8EA7275A7E3}.Debug|Any CPU.ActiveCfg = Debug|Any CPU
		{0BEB06BC-9725-48D7-8D63-D8EA7275A7E3}.Debug|Any CPU.Build.0 = Debug|Any CPU
		{0BEB06BC-9725-48D7-8D63-D8EA7275A7E3}.Release|Any CPU.ActiveCfg = Release|Any CPU
		{0BEB06BC-9725-48D7-8D63-D8EA7275A7E3}.Release|Any CPU.Build.0 = Release|Any CPU
		{E5849F35-DC98-4652-A60D-D756172BE1C1}.Debug|Any CPU.ActiveCfg = Debug|Any CPU
		{E5849F35-DC98-4652-A60D-D756172BE1C1}.Debug|Any CPU.Build.0 = Debug|Any CPU
		{E5849F35-DC98-4652-A60D-D756172BE1C1}.Release|Any CPU.ActiveCfg = Release|Any CPU
		{E5849F35-DC98-4652-A60D-D756172BE1C1}.Release|Any CPU.Build.0 = Release|Any CPU
		{FE952065-9D3F-4BC5-B57D-4DCBCA88D582}.Debug|Any CPU.ActiveCfg = Debug|Any CPU
		{FE952065-9D3F-4BC5-B57D-4DCBCA88D582}.Debug|Any CPU.Build.0 = Debug|Any CPU
		{FE952065-9D3F-4BC5-B57D-4DCBCA88D582}.Release|Any CPU.ActiveCfg = Release|Any CPU
		{FE952065-9D3F-4BC5-B57D-4DCBCA88D582}.Release|Any CPU.Build.0 = Release|Any CPU
		{6EC010E7-C8B6-41DE-A321-0718D8493558}.Debug|Any CPU.ActiveCfg = Debug|Any CPU
		{6EC010E7-C8B6-41DE-A321-0718D8493558}.Debug|Any CPU.Build.0 = Debug|Any CPU
		{6EC010E7-C8B6-41DE-A321-0718D8493558}.Release|Any CPU.ActiveCfg = Release|Any CPU
		{6EC010E7-C8B6-41DE-A321-0718D8493558}.Release|Any CPU.Build.0 = Release|Any CPU
	EndGlobalSection
	GlobalSection(SolutionProperties) = preSolution
		HideSolutionNode = FALSE
	EndGlobalSection
	GlobalSection(NestedProjects) = preSolution
		{7A65AD01-B44F-4866-B432-FDB8623150AC} = {2C52FE6B-709F-4735-99EB-AFD62E3596B2}
		{13C2EC26-694B-48C7-9625-01B58A4E9ABB} = {2C52FE6B-709F-4735-99EB-AFD62E3596B2}
		{16C26213-D2C5-4A15-A78B-7C09D3A40861} = {7A65AD01-B44F-4866-B432-FDB8623150AC}
		{19FA5E14-D834-438B-82E9-D26DFBDA37CB} = {7A65AD01-B44F-4866-B432-FDB8623150AC}
		{75F88F31-2895-4FD7-97B9-11A8C6586134} = {13C2EC26-694B-48C7-9625-01B58A4E9ABB}
		{39184188-402C-4D5D-972C-10B42CDEB711} = {13C2EC26-694B-48C7-9625-01B58A4E9ABB}
		{6058AFB0-A9E1-45B7-9698-620DD474246A} = {13C2EC26-694B-48C7-9625-01B58A4E9ABB}
		{4AB07486-ADD0-42B2-8634-8EA4FEE2ED55} = {13C2EC26-694B-48C7-9625-01B58A4E9ABB}
		{3D8C9D9D-BF39-47F9-B79F-060521CF85FD} = {5489E53F-51FD-4191-8025-8374AA83C1C5}
		{4997E16C-FE06-432D-A016-54E364F99931} = {5489E53F-51FD-4191-8025-8374AA83C1C5}
		{C0224217-55C7-4312-B7B2-113454D96EB4} = {3D8C9D9D-BF39-47F9-B79F-060521CF85FD}
		{8016342F-37E3-4E0C-8306-5813EC75DB47} = {3D8C9D9D-BF39-47F9-B79F-060521CF85FD}
		{037C4551-EC72-4948-B8C1-9C09076B921E} = {4997E16C-FE06-432D-A016-54E364F99931}
		{757E4326-D4CC-41D3-8FEC-4FBAC964D6A3} = {4997E16C-FE06-432D-A016-54E364F99931}
		{F68617E8-F8CF-4F5C-AA00-55985BB850A5} = {4997E16C-FE06-432D-A016-54E364F99931}
		{43F28479-2351-4F85-9804-E901794F72BE} = {4997E16C-FE06-432D-A016-54E364F99931}
		{165499E8-B8D9-4984-BA70-63728A1BFCC0} = {FE694DBE-95AE-4E75-B83B-C49E12CBEB46}
		{FB5969EE-3997-4401-8547-97E76D2D66A3} = {FE694DBE-95AE-4E75-B83B-C49E12CBEB46}
		{2DA19B37-42C4-4195-9A14-2A037AAB00C9} = {FE694DBE-95AE-4E75-B83B-C49E12CBEB46}
		{E93AE905-106F-47F7-B231-83014FA3770B} = {FE694DBE-95AE-4E75-B83B-C49E12CBEB46}
		{B2CA808C-E336-4E9E-8EC1-17B9163F31D3} = {FE694DBE-95AE-4E75-B83B-C49E12CBEB46}
		{42521D52-02D5-4917-81A6-A0E62E521B4F} = {48F64A2C-976F-411D-BF75-1C2104960ED0}
		{0BEB06BC-9725-48D7-8D63-D8EA7275A7E3} = {48F64A2C-976F-411D-BF75-1C2104960ED0}
		{E5849F35-DC98-4652-A60D-D756172BE1C1} = {48F64A2C-976F-411D-BF75-1C2104960ED0}
		{6EC010E7-C8B6-41DE-A321-0718D8493558} = {EDCB9168-7007-4744-8DC8-70783B0E097D}
	EndGlobalSection
	GlobalSection(ExtensibilityGlobals) = postSolution
		SolutionGuid = {99A43EBE-E193-479B-8D93-CA7D9988BA9D}
	EndGlobalSection
EndGlobal
